
Microsoft Visual Studio Solution File, Format Version 12.00
# Visual Studio Version 17
VisualStudioVersion = 17.0.31903.59
MinimumVisualStudioVersion = 10.0.40219.1
Project("{FAE04EC0-301F-11D3-BF4B-00C04F79EFBC}") = "API", "API\API.csproj", "{B88828B4-5E85-4958-A57A-82B18E02C7E3}"
EndProject
Project("{FAE04EC0-301F-11D3-BF4B-00C04F79EFBC}") = "Core", "Core\Core.csproj", "{7B21C331-C3DB-48B1-B51C-C4A5C35FA623}"
EndProject
Project("{FAE04EC0-301F-11D3-BF4B-00C04F79EFBC}") = "Infrastructure", "Infrastructure\Infrastructure.csproj", "{BFF8D1BB-019B-4EEC-8FE4-AFC7B3C28FAE}"
EndProject
Global
	GlobalSection(SolutionConfigurationPlatforms) = preSolution
		Debug|Any CPU = Debug|Any CPU
		Release|Any CPU = Release|Any CPU
	EndGlobalSection
	GlobalSection(SolutionProperties) = preSolution
		HideSolutionNode = FALSE
	EndGlobalSection
	GlobalSection(ProjectConfigurationPlatforms) = postSolution
		{B88828B4-5E85-4958-A57A-82B18E02C7E3}.Debug|Any CPU.ActiveCfg = Debug|Any CPU
		{B88828B4-5E85-4958-A57A-82B18E02C7E3}.Debug|Any CPU.Build.0 = Debug|Any CPU
		{B88828B4-5E85-4958-A57A-82B18E02C7E3}.Release|Any CPU.ActiveCfg = Release|Any CPU
		{B88828B4-5E85-4958-A57A-82B18E02C7E3}.Release|Any CPU.Build.0 = Release|Any CPU
		{7B21C331-C3DB-48B1-B51C-C4A5C35FA623}.Debug|Any CPU.ActiveCfg = Debug|Any CPU
		{7B21C331-C3DB-48B1-B51C-C4A5C35FA623}.Debug|Any CPU.Build.0 = Debug|Any CPU
		{7B21C331-C3DB-48B1-B51C-C4A5C35FA623}.Release|Any CPU.ActiveCfg = Release|Any CPU
		{7B21C331-C3DB-48B1-B51C-C4A5C35FA623}.Release|Any CPU.Build.0 = Release|Any CPU
		{BFF8D1BB-019B-4EEC-8FE4-AFC7B3C28FAE}.Debug|Any CPU.ActiveCfg = Debug|Any CPU
		{BFF8D1BB-019B-4EEC-8FE4-AFC7B3C28FAE}.Debug|Any CPU.Build.0 = Debug|Any CPU
		{BFF8D1BB-019B-4EEC-8FE4-AFC7B3C28FAE}.Release|Any CPU.ActiveCfg = Release|Any CPU
		{BFF8D1BB-019B-4EEC-8FE4-AFC7B3C28FAE}.Release|Any CPU.Build.0 = Release|Any CPU
	EndGlobalSection
EndGlobal
